{
  "nodes": {
    "nixpkgs": {
      "locked": {
        "lastModified": 1620916328,
        "narHash": "sha256-vhl0m91+vYH+yPQWPqiBZWuXR94oov9xe96D8v7T+2Q=",
        "owner": "NixOS",
        "repo": "nixpkgs",
        "rev": "1a0d37a68320d606fee390eeb5d3989a55e97910",
        "type": "github"
      },
      "original": {
        "id": "nixpkgs",
        "type": "indirect"
      }
    },
    "root": {
      "inputs": {
        "nixpkgs": "nixpkgs",
        "utils": "utils"
      }
    },
    "utils": {
      "locked": {
        "lastModified": 1620759905,
        "narHash": "sha256-WiyWawrgmyN0EdmiHyG2V+fqReiVi8bM9cRdMaKQOFg=",
        "owner": "numtide",
        "repo": "flake-utils",
        "rev": "b543720b25df6ffdfcf9227afafc5b8c1fabfae8",
        "type": "github"
      },
      "original": {
        "owner": "numtide",
        "repo": "flake-utils",
        "type": "github"
      }
    }
  },
  "root": "root",
  "version": 7
}
